// !$*UTF8*$!
{
	archiveVersion = 1;
	classes = {
	};
	objectVersion = 77;
	objects = {

/* Begin PBXBuildFile section */
		F023F27F2EAC7A6D00F30462 /* FirebaseFunctions in Frameworks */ = {isa = PBXBuildFile; productRef = F023F27E2EAC7A6D00F30462 /* FirebaseFunctions */; };
		F0710B4F2EA831A700EBF6ED /* Nuke in Frameworks */ = {isa = PBXBuildFile; productRef = F0710B4E2EA831A700EBF6ED /* Nuke */; };
		F0710B512EA831A700EBF6ED /* NukeExtensions in Frameworks */ = {isa = PBXBuildFile; productRef = F0710B502EA831A700EBF6ED /* NukeExtensions */; };
		F0710B532EA831A700EBF6ED /* NukeUI in Frameworks */ = {isa = PBXBuildFile; productRef = F0710B522EA831A700EBF6ED /* NukeUI */; };
		F0710B552EA831A700EBF6ED /* NukeVideo in Frameworks */ = {isa = PBXBuildFile; productRef = F0710B542EA831A700EBF6ED /* NukeVideo */; };
		F08DE5562EA726CF000ED503 /* FirebaseAuth in Frameworks */ = {isa = PBXBuildFile; productRef = F08DE5552EA726CF000ED503 /* FirebaseAuth */; };
		F08DE5582EA726CF000ED503 /* FirebaseFirestore in Frameworks */ = {isa = PBXBuildFile; productRef = F08DE5572EA726CF000ED503 /* FirebaseFirestore */; };
		F08DE55A2EA726CF000ED503 /* FirebaseMessaging in Frameworks */ = {isa = PBXBuildFile; productRef = F08DE5592EA726CF000ED503 /* FirebaseMessaging */; };
		F08DE55C2EA726CF000ED503 /* FirebaseStorage in Frameworks */ = {isa = PBXBuildFile; productRef = F08DE55B2EA726CF000ED503 /* FirebaseStorage */; };
		F08DE5BB2EA74A24000ED503 /* GoogleSignIn in Frameworks */ = {isa = PBXBuildFile; productRef = F08DE5BA2EA74A24000ED503 /* GoogleSignIn */; };
		F08DE5BD2EA74A24000ED503 /* GoogleSignInSwift in Frameworks */ = {isa = PBXBuildFile; productRef = F08DE5BC2EA74A24000ED503 /* GoogleSignInSwift */; };
/* End PBXBuildFile section */

/* Begin PBXContainerItemProxy section */
		F08DE5342EA72005000ED503 /* PBXContainerItemProxy */ = {
			isa = PBXContainerItemProxy;
			containerPortal = F08DE51E2EA72002000ED503 /* Project object */;
			proxyType = 1;
			remoteGlobalIDString = F08DE5252EA72002000ED503;
			remoteInfo = weftly;
		};
		F08DE53E2EA72005000ED503 /* PBXContainerItemProxy */ = {
			isa = PBXContainerItemProxy;
			containerPortal = F08DE51E2EA72002000ED503 /* Project object */;
			proxyType = 1;
			remoteGlobalIDString = F08DE5252EA72002000ED503;
			remoteInfo = weftly;
		};
/* End PBXContainerItemProxy section */

/* Begin PBXFileReference section */
		F08DE5262EA72002000ED503 /* weftly.app */ = {isa = PBXFileReference; explicitFileType = wrapper.application; includeInIndex = 0; path = weftly.app; sourceTree = BUILT_PRODUCTS_DIR; };
		F08DE5332EA72005000ED503 /* weftlyTests.xctest */ = {isa = PBXFileReference; explicitFileType = wrapper.cfbundle; includeInIndex = 0; path = weftlyTests.xctest; sourceTree = BUILT_PRODUCTS_DIR; };
		F08DE53D2EA72005000ED503 /* weftlyUITests.xctest */ = {isa = PBXFileReference; explicitFileType = wrapper.cfbundle; includeInIndex = 0; path = weftlyUITests.xctest; sourceTree = BUILT_PRODUCTS_DIR; };
		F0A1B0002EA9B23400000001 /* weftly/weftly.entitlements */ = {isa = PBXFileReference; lastKnownFileType = text.plist.entitlements; path = weftly/weftly.entitlements; sourceTree = "<group>"; };
/* End PBXFileReference section */

/* Begin PBXFileSystemSynchronizedBuildFileExceptionSet section */
		F08DE5B92EA74965000ED503 /* Exceptions for "weftly" folder in "weftly" target */ = {
			isa = PBXFileSystemSynchronizedBuildFileExceptionSet;
			membershipExceptions = (
				Info.plist,
				Models/Archive_OldAI/AIChatMessage.swift,
				Models/Archive_OldAI/AIDecision.swift,
				Models/Archive_OldAI/AIPriority.swift,
				Models/Archive_OldAI/ExtractedEvent.swift,
				Models/Archive_OldAI/PriorityMessage.swift,
			);
			target = F08DE5252EA72002000ED503 /* weftly */;
		};
/* End PBXFileSystemSynchronizedBuildFileExceptionSet section */

/* Begin PBXFileSystemSynchronizedRootGroup section */
		F08DE5282EA72002000ED503 /* weftly */ = {
			isa = PBXFileSystemSynchronizedRootGroup;
			exceptions = (
				F08DE5B92EA74965000ED503 /* Exceptions for "weftly" folder in "weftly" target */,
			);
			path = weftly;
			sourceTree = "<group>";
		};
		F08DE5362EA72005000ED503 /* weftlyTests */ = {
			isa = PBXFileSystemSynchronizedRootGroup;
			path = weftlyTests;
			sourceTree = "<group>";
		};
		F08DE5402EA72005000ED503 /* weftlyUITests */ = {
			isa = PBXFileSystemSynchronizedRootGroup;
			path = weftlyUITests;
			sourceTree = "<group>";
		};
/* End PBXFileSystemSynchronizedRootGroup section */

/* Begin PBXFrameworksBuildPhase section */
		F08DE5232EA72002000ED503 /* Frameworks */ = {
			isa = PBXFrameworksBuildPhase;
			buildActionMask = 2147483647;
			files = (
				F08DE5BB2EA74A24000ED503 /* GoogleSignIn in Frameworks */,
				F0710B512EA831A700EBF6ED /* NukeExtensions in Frameworks */,
				F08DE55A2EA726CF000ED503 /* FirebaseMessaging in Frameworks */,
				F0710B4F2EA831A700EBF6ED /* Nuke in Frameworks */,
				F08DE55C2EA726CF000ED503 /* FirebaseStorage in Frameworks */,
				F08DE5BD2EA74A24000ED503 /* GoogleSignInSwift in Frameworks */,
				F0710B532EA831A700EBF6ED /* NukeUI in Frameworks */,
				F0710B552EA831A700EBF6ED /* NukeVideo in Frameworks */,
				F08DE5562EA726CF000ED503 /* FirebaseAuth in Frameworks */,
				F023F27F2EAC7A6D00F30462 /* FirebaseFunctions in Frameworks */,
				F08DE5582EA726CF000ED503 /* FirebaseFirestore in Frameworks */,
			);
			runOnlyForDeploymentPostprocessing = 0;
		};
		F08DE5302EA72005000ED503 /* Frameworks */ = {
			isa = PBXFrameworksBuildPhase;
			buildActionMask = 2147483647;
			files = (
			);
			runOnlyForDeploymentPostprocessing = 0;
		};
		F08DE53A2EA72005000ED503 /* Frameworks */ = {
			isa = PBXFrameworksBuildPhase;
			buildActionMask = 2147483647;
			files = (
			);
			runOnlyForDeploymentPostprocessing = 0;
		};
/* End PBXFrameworksBuildPhase section */

/* Begin PBXGroup section */
		F023F27D2EAC7A6D00F30462 /* Frameworks */ = {
			isa = PBXGroup;
			children = (
			);
			name = Frameworks;
			sourceTree = "<group>";
		};
		F08DE51D2EA72001000ED503 = {
			isa = PBXGroup;
			children = (
				F0A1B0002EA9B23400000001 /* weftly/weftly.entitlements */,
				F08DE5282EA72002000ED503 /* weftly */,
				F08DE5362EA72005000ED503 /* weftlyTests */,
				F08DE5402EA72005000ED503 /* weftlyUITests */,
				F023F27D2EAC7A6D00F30462 /* Frameworks */,
				F08DE5272EA72002000ED503 /* Products */,
			);
			sourceTree = "<group>";
		};
		F08DE5272EA72002000ED503 /* Products */ = {
			isa = PBXGroup;
			children = (
				F08DE5262EA72002000ED503 /* weftly.app */,
				F08DE5332EA72005000ED503 /* weftlyTests.xctest */,
				F08DE53D2EA72005000ED503 /* weftlyUITests.xctest */,
			);
			name = Products;
			sourceTree = "<group>";
		};
/* End PBXGroup section */

/* Begin PBXNativeTarget section */
		F08DE5252EA72002000ED503 /* weftly */ = {
			isa = PBXNativeTarget;
			buildConfigurationList = F08DE5472EA72005000ED503 /* Build configuration list for PBXNativeTarget "weftly" */;
			buildPhases = (
				F08DE5222EA72002000ED503 /* Sources */,
				F08DE5232EA72002000ED503 /* Frameworks */,
				F08DE5242EA72002000ED503 /* Resources */,
			);
			buildRules = (
			);
			dependencies = (
			);
			fileSystemSynchronizedGroups = (
				F08DE5282EA72002000ED503 /* weftly */,
			);
			name = weftly;
			packageProductDependencies = (
				F08DE5552EA726CF000ED503 /* FirebaseAuth */,
				F08DE5572EA726CF000ED503 /* FirebaseFirestore */,
				F08DE5592EA726CF000ED503 /* FirebaseMessaging */,
				F08DE55B2EA726CF000ED503 /* FirebaseStorage */,
				F08DE5BA2EA74A24000ED503 /* GoogleSignIn */,
				F08DE5BC2EA74A24000ED503 /* GoogleSignInSwift */,
				F0710B4E2EA831A700EBF6ED /* Nuke */,
				F0710B502EA831A700EBF6ED /* NukeExtensions */,
				F0710B522EA831A700EBF6ED /* NukeUI */,
				F0710B542EA831A700EBF6ED /* NukeVideo */,
				F023F27E2EAC7A6D00F30462 /* FirebaseFunctions */,
			);
			productName = weftly;
			productReference = F08DE5262EA72002000ED503 /* weftly.app */;
			productType = "com.apple.product-type.application";
		};
		F08DE5322EA72005000ED503 /* weftlyTests */ = {
			isa = PBXNativeTarget;
			buildConfigurationList = F08DE54A2EA72005000ED503 /* Build configuration list for PBXNativeTarget "weftlyTests" */;
			buildPhases = (
				F08DE52F2EA72005000ED503 /* Sources */,
				F08DE5302EA72005000ED503 /* Frameworks */,
				F08DE5312EA72005000ED503 /* Resources */,
			);
			buildRules = (
			);
			dependencies = (
				F08DE5352EA72005000ED503 /* PBXTargetDependency */,
			);
			fileSystemSynchronizedGroups = (
				F08DE5362EA72005000ED503 /* weftlyTests */,
			);
			name = weftlyTests;
			packageProductDependencies = (
			);
			productName = weftlyTests;
			productReference = F08DE5332EA72005000ED503 /* weftlyTests.xctest */;
			productType = "com.apple.product-type.bundle.unit-test";
		};
		F08DE53C2EA72005000ED503 /* weftlyUITests */ = {
			isa = PBXNativeTarget;
			buildConfigurationList = F08DE54D2EA72005000ED503 /* Build configuration list for PBXNativeTarget "weftlyUITests" */;
			buildPhases = (
				F08DE5392EA72005000ED503 /* Sources */,
				F08DE53A2EA72005000ED503 /* Frameworks */,
				F08DE53B2EA72005000ED503 /* Resources */,
			);
			buildRules = (
			);
			dependencies = (
				F08DE53F2EA72005000ED503 /* PBXTargetDependency */,
			);
			fileSystemSynchronizedGroups = (
				F08DE5402EA72005000ED503 /* weftlyUITests */,
			);
			name = weftlyUITests;
			packageProductDependencies = (
			);
			productName = weftlyUITests;
			productReference = F08DE53D2EA72005000ED503 /* weftlyUITests.xctest */;
			productType = "com.apple.product-type.bundle.ui-testing";
		};
/* End PBXNativeTarget section */

/* Begin PBXProject section */
		F08DE51E2EA72002000ED503 /* Project object */ = {
			isa = PBXProject;
			attributes = {
				BuildIndependentTargetsInParallel = 1;
				LastSwiftUpdateCheck = 2600;
				LastUpgradeCheck = 2600;
				TargetAttributes = {
					F08DE5252EA72002000ED503 = {
						CreatedOnToolsVersion = 26.0.1;
					};
					F08DE5322EA72005000ED503 = {
						CreatedOnToolsVersion = 26.0.1;
						TestTargetID = F08DE5252EA72002000ED503;
					};
					F08DE53C2EA72005000ED503 = {
						CreatedOnToolsVersion = 26.0.1;
						TestTargetID = F08DE5252EA72002000ED503;
					};
				};
			};
			buildConfigurationList = F08DE5212EA72002000ED503 /* Build configuration list for PBXProject "weftly" */;
			developmentRegion = en;
			hasScannedForEncodings = 0;
			knownRegions = (
				en,
				Base,
			);
			mainGroup = F08DE51D2EA72001000ED503;
			minimizedProjectReferenceProxies = 1;
			packageReferences = (
				F08DE5542EA726CF000ED503 /* XCRemoteSwiftPackageReference "firebase-ios-sdk" */,
				F08DE5B72EA739DA000ED503 /* XCRemoteSwiftPackageReference "GoogleSignIn-iOS" */,
				F0710B4D2EA831A700EBF6ED /* XCRemoteSwiftPackageReference "Nuke" */,
			);
			preferredProjectObjectVersion = 77;
			productRefGroup = F08DE5272EA72002000ED503 /* Products */;
			projectDirPath = "";
			projectRoot = "";
			targets = (
				F08DE5252EA72002000ED503 /* weftly */,
				F08DE5322EA72005000ED503 /* weftlyTests */,
				F08DE53C2EA72005000ED503 /* weftlyUITests */,
			);
		};
/* End PBXProject section */

/* Begin PBXResourcesBuildPhase section */
		F08DE5242EA72002000ED503 /* Resources */ = {
			isa = PBXResourcesBuildPhase;
			buildActionMask = 2147483647;
			files = (
			);
			runOnlyForDeploymentPostprocessing = 0;
		};
		F08DE5312EA72005000ED503 /* Resources */ = {
			isa = PBXResourcesBuildPhase;
			buildActionMask = 2147483647;
			files = (
			);
			runOnlyForDeploymentPostprocessing = 0;
		};
		F08DE53B2EA72005000ED503 /* Resources */ = {
			isa = PBXResourcesBuildPhase;
			buildActionMask = 2147483647;
			files = (
			);
			runOnlyForDeploymentPostprocessing = 0;
		};
/* End PBXResourcesBuildPhase section */

/* Begin PBXSourcesBuildPhase section */
		F08DE5222EA72002000ED503 /* Sources */ = {
			isa = PBXSourcesBuildPhase;
			buildActionMask = 2147483647;
			files = (
			);
			runOnlyForDeploymentPostprocessing = 0;
		};
		F08DE52F2EA72005000ED503 /* Sources */ = {
			isa = PBXSourcesBuildPhase;
			buildActionMask = 2147483647;
			files = (
			);
			runOnlyForDeploymentPostprocessing = 0;
		};
		F08DE5392EA72005000ED503 /* Sources */ = {
			isa = PBXSourcesBuildPhase;
			buildActionMask = 2147483647;
			files = (
			);
			runOnlyForDeploymentPostprocessing = 0;
		};
/* End PBXSourcesBuildPhase section */

/* Begin PBXTargetDependency section */
		F08DE5352EA72005000ED503 /* PBXTargetDependency */ = {
			isa = PBXTargetDependency;
			target = F08DE5252EA72002000ED503 /* weftly */;
			targetProxy = F08DE5342EA72005000ED503 /* PBXContainerItemProxy */;
		};
		F08DE53F2EA72005000ED503 /* PBXTargetDependency */ = {
			isa = PBXTargetDependency;
			target = F08DE5252EA72002000ED503 /* weftly */;
			targetProxy = F08DE53E2EA72005000ED503 /* PBXContainerItemProxy */;
		};
/* End PBXTargetDependency section */

/* Begin XCBuildConfiguration section */
		F08DE5452EA72005000ED503 /* Debug */ = {
			isa = XCBuildConfiguration;
			buildSettings = {
				ALWAYS_SEARCH_USER_PATHS = NO;
				ASSETCATALOG_COMPILER_GENERATE_SWIFT_ASSET_SYMBOL_EXTENSIONS = YES;
				CLANG_ANALYZER_NONNULL = YES;
				CLANG_ANALYZER_NUMBER_OBJECT_CONVERSION = YES_AGGRESSIVE;
				CLANG_CXX_LANGUAGE_STANDARD = "gnu++20";
				CLANG_ENABLE_MODULES = YES;
				CLANG_ENABLE_OBJC_ARC = YES;
				CLANG_ENABLE_OBJC_WEAK = YES;
				CLANG_WARN_BLOCK_CAPTURE_AUTORELEASING = YES;
				CLANG_WARN_BOOL_CONVERSION = YES;
				CLANG_WARN_COMMA = YES;
				CLANG_WARN_CONSTANT_CONVERSION = YES;
				CLANG_WARN_DEPRECATED_OBJC_IMPLEMENTATIONS = YES;
				CLANG_WARN_DIRECT_OBJC_ISA_USAGE = YES_ERROR;
				CLANG_WARN_DOCUMENTATION_COMMENTS = YES;
				CLANG_WARN_EMPTY_BODY = YES;
				CLANG_WARN_ENUM_CONVERSION = YES;
				CLANG_WARN_INFINITE_RECURSION = YES;
				CLANG_WARN_INT_CONVERSION = YES;
				CLANG_WARN_NON_LITERAL_NULL_CONVERSION = YES;
				CLANG_WARN_OBJC_IMPLICIT_RETAIN_SELF = YES;
				CLANG_WARN_OBJC_LITERAL_CONVERSION = YES;
				CLANG_WARN_OBJC_ROOT_CLASS = YES_ERROR;
				CLANG_WARN_QUOTED_INCLUDE_IN_FRAMEWORK_HEADER = YES;
				CLANG_WARN_RANGE_LOOP_ANALYSIS = YES;
				CLANG_WARN_STRICT_PROTOTYPES = YES;
				CLANG_WARN_SUSPICIOUS_MOVE = YES;
				CLANG_WARN_UNGUARDED_AVAILABILITY = YES_AGGRESSIVE;
				CLANG_WARN_UNREACHABLE_CODE = YES;
				CLANG_WARN__DUPLICATE_METHOD_MATCH = YES;
				COPY_PHASE_STRIP = NO;
				DEBUG_INFORMATION_FORMAT = dwarf;
				ENABLE_STRICT_OBJC_MSGSEND = YES;
				ENABLE_TESTABILITY = YES;
				ENABLE_USER_SCRIPT_SANDBOXING = YES;
				GCC_C_LANGUAGE_STANDARD = gnu17;
				GCC_DYNAMIC_NO_PIC = NO;
				GCC_NO_COMMON_BLOCKS = YES;
				GCC_OPTIMIZATION_LEVEL = 0;
				GCC_PREPROCESSOR_DEFINITIONS = (
					"DEBUG=1",
					"$(inherited)",
				);
				GCC_WARN_64_TO_32_BIT_CONVERSION = YES;
				GCC_WARN_ABOUT_RETURN_TYPE = YES_ERROR;
				GCC_WARN_UNDECLARED_SELECTOR = YES;
				GCC_WARN_UNINITIALIZED_AUTOS = YES_AGGRESSIVE;
				GCC_WARN_UNUSED_FUNCTION = YES;
				GCC_WARN_UNUSED_VARIABLE = YES;
				IPHONEOS_DEPLOYMENT_TARGET = 26.0;
				LOCALIZATION_PREFERS_STRING_CATALOGS = YES;
				MTL_ENABLE_DEBUG_INFO = INCLUDE_SOURCE;
				MTL_FAST_MATH = YES;
				ONLY_ACTIVE_ARCH = YES;
				SDKROOT = iphoneos;
				SWIFT_ACTIVE_COMPILATION_CONDITIONS = "DEBUG $(inherited)";
				SWIFT_OPTIMIZATION_LEVEL = "-Onone";
			};
			name = Debug;
		};
		F08DE5462EA72005000ED503 /* Release */ = {
			isa = XCBuildConfiguration;
			buildSettings = {
				ALWAYS_SEARCH_USER_PATHS = NO;
				ASSETCATALOG_COMPILER_GENERATE_SWIFT_ASSET_SYMBOL_EXTENSIONS = YES;
				CLANG_ANALYZER_NONNULL = YES;
				CLANG_ANALYZER_NUMBER_OBJECT_CONVERSION = YES_AGGRESSIVE;
				CLANG_CXX_LANGUAGE_STANDARD = "gnu++20";
				CLANG_ENABLE_MODULES = YES;
				CLANG_ENABLE_OBJC_ARC = YES;
				CLANG_ENABLE_OBJC_WEAK = YES;
				CLANG_WARN_BLOCK_CAPTURE_AUTORELEASING = YES;
				CLANG_WARN_BOOL_CONVERSION = YES;
				CLANG_WARN_COMMA = YES;
				CLANG_WARN_CONSTANT_CONVERSION = YES;
				CLANG_WARN_DEPRECATED_OBJC_IMPLEMENTATIONS = YES;
				CLANG_WARN_DIRECT_OBJC_ISA_USAGE = YES_ERROR;
				CLANG_WARN_DOCUMENTATION_COMMENTS = YES;
				CLANG_WARN_EMPTY_BODY = YES;
				CLANG_WARN_ENUM_CONVERSION = YES;
				CLANG_WARN_INFINITE_RECURSION = YES;
				CLANG_WARN_INT_CONVERSION = YES;
				CLANG_WARN_NON_LITERAL_NULL_CONVERSION = YES;
				CLANG_WARN_OBJC_IMPLICIT_RETAIN_SELF = YES;
				CLANG_WARN_OBJC_LITERAL_CONVERSION = YES;
				CLANG_WARN_OBJC_ROOT_CLASS = YES_ERROR;
				CLANG_WARN_QUOTED_INCLUDE_IN_FRAMEWORK_HEADER = YES;
				CLANG_WARN_RANGE_LOOP_ANALYSIS = YES;
				CLANG_WARN_STRICT_PROTOTYPES = YES;
				CLANG_WARN_SUSPICIOUS_MOVE = YES;
				CLANG_WARN_UNGUARDED_AVAILABILITY = YES_AGGRESSIVE;
				CLANG_WARN_UNREACHABLE_CODE = YES;
				CLANG_WARN__DUPLICATE_METHOD_MATCH = YES;
				COPY_PHASE_STRIP = NO;
				DEBUG_INFORMATION_FORMAT = "dwarf-with-dsym";
				ENABLE_NS_ASSERTIONS = NO;
				ENABLE_STRICT_OBJC_MSGSEND = YES;
				ENABLE_USER_SCRIPT_SANDBOXING = YES;
				GCC_C_LANGUAGE_STANDARD = gnu17;
				GCC_NO_COMMON_BLOCKS = YES;
				GCC_WARN_64_TO_32_BIT_CONVERSION = YES;
				GCC_WARN_ABOUT_RETURN_TYPE = YES_ERROR;
				GCC_WARN_UNDECLARED_SELECTOR = YES;
				GCC_WARN_UNINITIALIZED_AUTOS = YES_AGGRESSIVE;
				GCC_WARN_UNUSED_FUNCTION = YES;
				GCC_WARN_UNUSED_VARIABLE = YES;
				IPHONEOS_DEPLOYMENT_TARGET = 26.0;
				LOCALIZATION_PREFERS_STRING_CATALOGS = YES;
				MTL_ENABLE_DEBUG_INFO = NO;
				MTL_FAST_MATH = YES;
				SDKROOT = iphoneos;
				SWIFT_COMPILATION_MODE = wholemodule;
				VALIDATE_PRODUCT = YES;
			};
			name = Release;
		};
		F08DE5482EA72005000ED503 /* Debug */ = {
			isa = XCBuildConfiguration;
			buildSettings = {
				ASSETCATALOG_COMPILER_APPICON_NAME = AppIcon;
				ASSETCATALOG_COMPILER_GLOBAL_ACCENT_COLOR_NAME = AccentColor;
				CODE_SIGN_ENTITLEMENTS = weftly/weftly.entitlements;
				CODE_SIGN_STYLE = Automatic;
				CURRENT_PROJECT_VERSION = 1;
				DEVELOPMENT_TEAM = DQPFGD3Z7X;
				ENABLE_PREVIEWS = YES;
				GENERATE_INFOPLIST_FILE = YES;
				INFOPLIST_FILE = weftly/Info.plist;
				INFOPLIST_KEY_UIApplicationSceneManifest_Generation = YES;
				INFOPLIST_KEY_UIApplicationSupportsIndirectInputEvents = YES;
				INFOPLIST_KEY_UILaunchScreen_Generation = YES;
				INFOPLIST_KEY_UISupportedInterfaceOrientations_iPad = "UIInterfaceOrientationPortrait UIInterfaceOrientationPortraitUpsideDown UIInterfaceOrientationLandscapeLeft UIInterfaceOrientationLandscapeRight";
				INFOPLIST_KEY_UISupportedInterfaceOrientations_iPhone = "UIInterfaceOrientationPortrait UIInterfaceOrientationLandscapeLeft UIInterfaceOrientationLandscapeRight";
				IPHONEOS_DEPLOYMENT_TARGET = 17.0;
				LD_RUNPATH_SEARCH_PATHS = (
					"$(inherited)",
					"@executable_path/Frameworks",
				);
				MARKETING_VERSION = 1.0;
				PRODUCT_BUNDLE_IDENTIFIER = com.sanjaykarinje.weftly;
				PRODUCT_NAME = "$(TARGET_NAME)";
				STRING_CATALOG_GENERATE_SYMBOLS = YES;
				SWIFT_APPROACHABLE_CONCURRENCY = YES;
				SWIFT_DEFAULT_ACTOR_ISOLATION = MainActor;
				SWIFT_EMIT_LOC_STRINGS = YES;
				SWIFT_UPCOMING_FEATURE_MEMBER_IMPORT_VISIBILITY = YES;
				SWIFT_VERSION = 5.0;
				TARGETED_DEVICE_FAMILY = "1,2";
			};
			name = Debug;
		};
		F08DE5492EA72005000ED503 /* Release */ = {
			isa = XCBuildConfiguration;
			buildSettings = {
				ASSETCATALOG_COMPILER_APPICON_NAME = AppIcon;
				ASSETCATALOG_COMPILER_GLOBAL_ACCENT_COLOR_NAME = AccentColor;
				CODE_SIGN_ENTITLEMENTS = weftly/weftly.entitlements;
				CODE_SIGN_STYLE = Automatic;
				CURRENT_PROJECT_VERSION = 1;
				DEVELOPMENT_TEAM = DQPFGD3Z7X;
				ENABLE_PREVIEWS = YES;
				GENERATE_INFOPLIST_FILE = YES;
				INFOPLIST_FILE = weftly/Info.plist;
				INFOPLIST_KEY_UIApplicationSceneManifest_Generation = YES;
				INFOPLIST_KEY_UIApplicationSupportsIndirectInputEvents = YES;
				INFOPLIST_KEY_UILaunchScreen_Generation = YES;
				INFOPLIST_KEY_UISupportedInterfaceOrientations_iPad = "UIInterfaceOrientationPortrait UIInterfaceOrientationPortraitUpsideDown UIInterfaceOrientationLandscapeLeft UIInterfaceOrientationLandscapeRight";
				INFOPLIST_KEY_UISupportedInterfaceOrientations_iPhone = "UIInterfaceOrientationPortrait UIInterfaceOrientationLandscapeLeft UIInterfaceOrientationLandscapeRight";
				IPHONEOS_DEPLOYMENT_TARGET = 17.0;
				LD_RUNPATH_SEARCH_PATHS = (
					"$(inherited)",
					"@executable_path/Frameworks",
				);
				MARKETING_VERSION = 1.0;
				PRODUCT_BUNDLE_IDENTIFIER = com.sanjaykarinje.weftly;
				PRODUCT_NAME = "$(TARGET_NAME)";
				STRING_CATALOG_GENERATE_SYMBOLS = YES;
				SWIFT_APPROACHABLE_CONCURRENCY = YES;
				SWIFT_DEFAULT_ACTOR_ISOLATION = MainActor;
				SWIFT_EMIT_LOC_STRINGS = YES;
				SWIFT_UPCOMING_FEATURE_MEMBER_IMPORT_VISIBILITY = YES;
				SWIFT_VERSION = 5.0;
				TARGETED_DEVICE_FAMILY = "1,2";
			};
			name = Release;
		};
		F08DE54B2EA72005000ED503 /* Debug */ = {
			isa = XCBuildConfiguration;
			buildSettings = {
				BUNDLE_LOADER = "$(TEST_HOST)";
				CODE_SIGN_STYLE = Automatic;
				CURRENT_PROJECT_VERSION = 1;
				GENERATE_INFOPLIST_FILE = YES;
				IPHONEOS_DEPLOYMENT_TARGET = 26.0;
				MARKETING_VERSION = 1.0;
				PRODUCT_BUNDLE_IDENTIFIER = com.sanjaykarinje.weftlyTests;
				PRODUCT_NAME = "$(TARGET_NAME)";
				STRING_CATALOG_GENERATE_SYMBOLS = NO;
				SWIFT_APPROACHABLE_CONCURRENCY = YES;
				SWIFT_EMIT_LOC_STRINGS = NO;
				SWIFT_UPCOMING_FEATURE_MEMBER_IMPORT_VISIBILITY = YES;
				SWIFT_VERSION = 5.0;
				TARGETED_DEVICE_FAMILY = "1,2";
				TEST_HOST = "$(BUILT_PRODUCTS_DIR)/weftly.app/$(BUNDLE_EXECUTABLE_FOLDER_PATH)/weftly";
			};
			name = Debug;
		};
		F08DE54C2EA72005000ED503 /* Release */ = {
			isa = XCBuildConfiguration;
			buildSettings = {
				BUNDLE_LOADER = "$(TEST_HOST)";
				CODE_SIGN_STYLE = Automatic;
				CURRENT_PROJECT_VERSION = 1;
				GENERATE_INFOPLIST_FILE = YES;
				IPHONEOS_DEPLOYMENT_TARGET = 26.0;
				MARKETING_VERSION = 1.0;
				PRODUCT_BUNDLE_IDENTIFIER = com.sanjaykarinje.weftlyTests;
				PRODUCT_NAME = "$(TARGET_NAME)";
				STRING_CATALOG_GENERATE_SYMBOLS = NO;
				SWIFT_APPROACHABLE_CONCURRENCY = YES;
				SWIFT_EMIT_LOC_STRINGS = NO;
				SWIFT_UPCOMING_FEATURE_MEMBER_IMPORT_VISIBILITY = YES;
				SWIFT_VERSION = 5.0;
				TARGETED_DEVICE_FAMILY = "1,2";
				TEST_HOST = "$(BUILT_PRODUCTS_DIR)/weftly.app/$(BUNDLE_EXECUTABLE_FOLDER_PATH)/weftly";
			};
			name = Release;
		};
		F08DE54E2EA72005000ED503 /* Debug */ = {
			isa = XCBuildConfiguration;
			buildSettings = {
				CODE_SIGN_STYLE = Automatic;
				CURRENT_PROJECT_VERSION = 1;
				GENERATE_INFOPLIST_FILE = YES;
				MARKETING_VERSION = 1.0;
				PRODUCT_BUNDLE_IDENTIFIER = com.sanjaykarinje.weftlyUITests;
				PRODUCT_NAME = "$(TARGET_NAME)";
				STRING_CATALOG_GENERATE_SYMBOLS = NO;
				SWIFT_APPROACHABLE_CONCURRENCY = YES;
				SWIFT_EMIT_LOC_STRINGS = NO;
				SWIFT_UPCOMING_FEATURE_MEMBER_IMPORT_VISIBILITY = YES;
				SWIFT_VERSION = 5.0;
				TARGETED_DEVICE_FAMILY = "1,2";
				TEST_TARGET_NAME = weftly;
			};
			name = Debug;
		};
		F08DE54F2EA72005000ED503 /* Release */ = {
			isa = XCBuildConfiguration;
			buildSettings = {
				CODE_SIGN_STYLE = Automatic;
				CURRENT_PROJECT_VERSION = 1;
				GENERATE_INFOPLIST_FILE = YES;
				MARKETING_VERSION = 1.0;
				PRODUCT_BUNDLE_IDENTIFIER = com.sanjaykarinje.weftlyUITests;
				PRODUCT_NAME = "$(TARGET_NAME)";
				STRING_CATALOG_GENERATE_SYMBOLS = NO;
				SWIFT_APPROACHABLE_CONCURRENCY = YES;
				SWIFT_EMIT_LOC_STRINGS = NO;
				SWIFT_UPCOMING_FEATURE_MEMBER_IMPORT_VISIBILITY = YES;
				SWIFT_VERSION = 5.0;
				TARGETED_DEVICE_FAMILY = "1,2";
				TEST_TARGET_NAME = weftly;
			};
			name = Release;
		};
/* End XCBuildConfiguration section */

/* Begin XCConfigurationList section */
		F08DE5212EA72002000ED503 /* Build configuration list for PBXProject "weftly" */ = {
			isa = XCConfigurationList;
			buildConfigurations = (
				F08DE5452EA72005000ED503 /* Debug */,
				F08DE5462EA72005000ED503 /* Release */,
			);
			defaultConfigurationIsVisible = 0;
			defaultConfigurationName = Release;
		};
		F08DE5472EA72005000ED503 /* Build configuration list for PBXNativeTarget "weftly" */ = {
			isa = XCConfigurationList;
			buildConfigurations = (
				F08DE5482EA72005000ED503 /* Debug */,
				F08DE5492EA72005000ED503 /* Release */,
			);
			defaultConfigurationIsVisible = 0;
			defaultConfigurationName = Release;
		};
		F08DE54A2EA72005000ED503 /* Build configuration list for PBXNativeTarget "weftlyTests" */ = {
			isa = XCConfigurationList;
			buildConfigurations = (
				F08DE54B2EA72005000ED503 /* Debug */,
				F08DE54C2EA72005000ED503 /* Release */,
			);
			defaultConfigurationIsVisible = 0;
			defaultConfigurationName = Release;
		};
		F08DE54D2EA72005000ED503 /* Build configuration list for PBXNativeTarget "weftlyUITests" */ = {
			isa = XCConfigurationList;
			buildConfigurations = (
				F08DE54E2EA72005000ED503 /* Debug */,
				F08DE54F2EA72005000ED503 /* Release */,
			);
			defaultConfigurationIsVisible = 0;
			defaultConfigurationName = Release;
		};
/* End XCConfigurationList section */

/* Begin XCRemoteSwiftPackageReference section */
		F0710B4D2EA831A700EBF6ED /* XCRemoteSwiftPackageReference "Nuke" */ = {
			isa = XCRemoteSwiftPackageReference;
			repositoryURL = "https://github.com/kean/Nuke";
			requirement = {
				kind = upToNextMajorVersion;
				minimumVersion = 12.8.0;
			};
		};
		F08DE5542EA726CF000ED503 /* XCRemoteSwiftPackageReference "firebase-ios-sdk" */ = {
			isa = XCRemoteSwiftPackageReference;
			repositoryURL = "https://github.com/firebase/firebase-ios-sdk";
			requirement = {
				kind = upToNextMajorVersion;
				minimumVersion = 12.4.0;
			};
		};
		F08DE5B72EA739DA000ED503 /* XCRemoteSwiftPackageReference "GoogleSignIn-iOS" */ = {
			isa = XCRemoteSwiftPackageReference;
			repositoryURL = "https://github.com/google/GoogleSignIn-iOS";
			requirement = {
				kind = upToNextMajorVersion;
				minimumVersion = 9.0.0;
			};
		};
/* End XCRemoteSwiftPackageReference section */

/* Begin XCSwiftPackageProductDependency section */
		F023F27E2EAC7A6D00F30462 /* FirebaseFunctions */ = {
			isa = XCSwiftPackageProductDependency;
			package = F08DE5542EA726CF000ED503 /* XCRemoteSwiftPackageReference "firebase-ios-sdk" */;
			productName = FirebaseFunctions;
		};
		F0710B4E2EA831A700EBF6ED /* Nuke */ = {
			isa = XCSwiftPackageProductDependency;
			package = F0710B4D2EA831A700EBF6ED /* XCRemoteSwiftPackageReference "Nuke" */;
			productName = Nuke;
		};
		F0710B502EA831A700EBF6ED /* NukeExtensions */ = {
			isa = XCSwiftPackageProductDependency;
			package = F0710B4D2EA831A700EBF6ED /* XCRemoteSwiftPackageReference "Nuke" */;
			productName = NukeExtensions;
		};
		F0710B522EA831A700EBF6ED /* NukeUI */ = {
			isa = XCSwiftPackageProductDependency;
			package = F0710B4D2EA831A700EBF6ED /* XCRemoteSwiftPackageReference "Nuke" */;
			productName = NukeUI;
		};
		F0710B542EA831A700EBF6ED /* NukeVideo */ = {
			isa = XCSwiftPackageProductDependency;
			package = F0710B4D2EA831A700EBF6ED /* XCRemoteSwiftPackageReference "Nuke" */;
			productName = NukeVideo;
		};
		F08DE5552EA726CF000ED503 /* FirebaseAuth */ = {
			isa = XCSwiftPackageProductDependency;
			package = F08DE5542EA726CF000ED503 /* XCRemoteSwiftPackageReference "firebase-ios-sdk" */;
			productName = FirebaseAuth;
		};
		F08DE5572EA726CF000ED503 /* FirebaseFirestore */ = {
			isa = XCSwiftPackageProductDependency;
			package = F08DE5542EA726CF000ED503 /* XCRemoteSwiftPackageReference "firebase-ios-sdk" */;
			productName = FirebaseFirestore;
		};
		F08DE5592EA726CF000ED503 /* FirebaseMessaging */ = {
			isa = XCSwiftPackageProductDependency;
			package = F08DE5542EA726CF000ED503 /* XCRemoteSwiftPackageReference "firebase-ios-sdk" */;
			productName = FirebaseMessaging;
		};
		F08DE55B2EA726CF000ED503 /* FirebaseStorage */ = {
			isa = XCSwiftPackageProductDependency;
			package = F08DE5542EA726CF000ED503 /* XCRemoteSwiftPackageReference "firebase-ios-sdk" */;
			productName = FirebaseStorage;
		};
		F08DE5BA2EA74A24000ED503 /* GoogleSignIn */ = {
			isa = XCSwiftPackageProductDependency;
			package = F08DE5B72EA739DA000ED503 /* XCRemoteSwiftPackageReference "GoogleSignIn-iOS" */;
			productName = GoogleSignIn;
		};
		F08DE5BC2EA74A24000ED503 /* GoogleSignInSwift */ = {
			isa = XCSwiftPackageProductDependency;
			package = F08DE5B72EA739DA000ED503 /* XCRemoteSwiftPackageReference "GoogleSignIn-iOS" */;
			productName = GoogleSignInSwift;
		};
/* End XCSwiftPackageProductDependency section */
	};
	rootObject = F08DE51E2EA72002000ED503 /* Project object */;
}
